
Microsoft Visual Studio Solution File, Format Version 12.00
# Visual Studio Version 16
VisualStudioVersion = 16.0.30104.148
MinimumVisualStudioVersion = 10.0.40219.1
Project("{FAE04EC0-301F-11D3-BF4B-00C04F79EFBC}") = "CaesarCipher", "CaesarCipher\CaesarCipher.csproj", "{9EF746B1-78BD-4CE7-B494-3848204A6707}"
EndProject
Global
	GlobalSection(SolutionConfigurationPlatforms) = preSolution
		Debug|Any CPU = Debug|Any CPU
		Release|Any CPU = Release|Any CPU
	EndGlobalSection
	GlobalSection(ProjectConfigurationPlatforms) = postSolution
		{9EF746B1-78BD-4CE7-B494-3848204A6707}.Debug|Any CPU.ActiveCfg = Debug|Any CPU
		{9EF746B1-78BD-4CE7-B494-3848204A6707}.Debug|Any CPU.Build.0 = Debug|Any CPU
		{9EF746B1-78BD-4CE7-B494-3848204A6707}.Release|Any CPU.ActiveCfg = Release|Any CPU
		{9EF746B1-78BD-4CE7-B494-3848204A6707}.Release|Any CPU.Build.0 = Release|Any CPU
	EndGlobalSection
	GlobalSection(SolutionProperties) = preSolution
		HideSolutionNode = FALSE
	EndGlobalSection
	GlobalSection(ExtensibilityGlobals) = postSolution
		SolutionGuid = {9118A071-3CA9-45AD-9C60-F4817215BF47}
	EndGlobalSection
EndGlobal
